
Microsoft Visual Studio Solution File, Format Version 12.00
# Visual Studio 15
VisualStudioVersion = 15.0.28307.136
MinimumVisualStudioVersion = 10.0.40219.1
Project("{FAE04EC0-301F-11D3-BF4B-00C04F79EFBC}") = "TestForm", "TestForm\TestForm.csproj", "{070C8EC5-6207-4282-88B0-5B1D5603D602}"
EndProject
Global
	GlobalSection(SolutionConfigurationPlatforms) = preSolution
		Debug|Any CPU = Debug|Any CPU
		Release|Any CPU = Release|Any CPU
	EndGlobalSection
	GlobalSection(ProjectConfigurationPlatforms) = postSolution
		{070C8EC5-6207-4282-88B0-5B1D5603D602}.Debug|Any CPU.ActiveCfg = Debug|Any CPU
		{070C8EC5-6207-4282-88B0-5B1D5603D602}.Debug|Any CPU.Build.0 = Debug|Any CPU
		{070C8EC5-6207-4282-88B0-5B1D5603D602}.Release|Any CPU.ActiveCfg = Release|Any CPU
		{070C8EC5-6207-4282-88B0-5B1D5603D602}.Release|Any CPU.Build.0 = Release|Any CPU
	EndGlobalSection
	GlobalSection(SolutionProperties) = preSolution
		HideSolutionNode = FALSE
	EndGlobalSection
	GlobalSection(ExtensibilityGlobals) = postSolution
		SolutionGuid = {7DDAA1DB-500E-43D2-9D38-2A85FF0735D9}
	EndGlobalSection
EndGlobal
